PODS:
  - Alamofire (4.8.1)
  - ApplicasterSDK (9.2.1):
    - Alamofire (= 4.8.1)
    - CocoaLumberjack/Swift (= 3.4.2)
    - FBNotifications (= 1.0.1)
    - FBSDKCoreKit (= 4.38.0)
    - FBSDKLoginKit (= 4.38.0)
    - FBSDKShareKit (= 4.38.0)
    - SSZipArchive (= 2.1.0)
    - TTTAttributedLabel (= 2.1.0)
    - TwitterCore (= 3.1.0)
    - TwitterKit (= 3.3.0)
    - ZappAnalyticsPluginsSDK (~> 7.0.0)
    - ZappGeneralPluginsSDK (~> 7.0.0)
    - ZappLoginPluginsSDK (~> 7.0.0)
    - ZappPlugins (~> 8.0.0)
    - ZappPushPluginsSDK (~> 7.0.0)
  - Bolts (1.9.0):
    - Bolts/AppLinks (= 1.9.0)
    - Bolts/Tasks (= 1.9.0)
  - Bolts/AppLinks (1.9.0):
    - Bolts/Tasks
  - Bolts/Tasks (1.9.0)
  - CocoaLumberjack/Default (3.4.2)
  - CocoaLumberjack/Swift (3.4.2):
    - CocoaLumberjack/Default
  - FBNotifications (1.0.1)
  - FBSDKCoreKit (4.38.0):
    - Bolts (~> 1.9)
  - FBSDKLoginKit (4.38.0):
    - FBSDKCoreKit
  - FBSDKShareKit (4.38.0):
    - FBSDKCoreKit
  - NovaCzPlayer (0.1.0):
    - NovaCzPlayer/Core (= 0.1.0)
  - NovaCzPlayer/Core (0.1.0):
    - ApplicasterSDK
    - ZappPlugins
  - SSZipArchive (2.1.0)
  - Toaster (2.2.0.0)
  - TTTAttributedLabel (2.1.0)
  - TwitterCore (3.1.0)
  - TwitterKit (3.3.0):
    - TwitterCore (>= 3.1.0)
  - ZappAnalyticsPluginsSDK (7.0.0):
    - Toaster
    - ZappPlugins (~> 8.0.0)
  - ZappGeneralPluginsSDK (7.0.1):
    - ZappPlugins (~> 8.0.0)
  - ZappLoginPluginsSDK (7.0.1):
    - Alamofire
    - ZappPlugins (~> 8.0.0)
  - ZappPlugins (8.0.5)
  - ZappPushPluginsSDK (7.0.1):
    - ZappPlugins (~> 8.0.0)

DEPENDENCIES:
  - NovaCzPlayer (from `NovaCzPlayer.podspec`)

SPEC REPOS:
  "git@github.com:applicaster/CocoaPods.git":
    - ApplicasterSDK
    - Toaster
    - TTTAttributedLabel
    - ZappPlugins
  "git@github.com:applicaster/PluginsBuilderCocoaPods.git":
    - ZappAnalyticsPluginsSDK
    - ZappGeneralPluginsSDK
    - ZappLoginPluginsSDK
    - ZappPushPluginsSDK
  https://github.com/cocoapods/specs.git:
    - Alamofire
    - Bolts
    - CocoaLumberjack
    - FBNotifications
    - FBSDKCoreKit
    - FBSDKLoginKit
    - FBSDKShareKit
    - SSZipArchive
    - TwitterCore
    - TwitterKit

EXTERNAL SOURCES:
  NovaCzPlayer:
    :path: NovaCzPlayer.podspec

SPEC CHECKSUMS:
  Alamofire: 16ce2c353fb72865124ddae8a57c5942388f4f11
  ApplicasterSDK: f8c32271c1ed7a6889dcece87d9a654695d0ad10
  Bolts: ac6567323eac61e203f6a9763667d0f711be34c8
  CocoaLumberjack: db7cc9e464771f12054c22ff6947c5a58d43a0fd
  FBNotifications: 3f1a9e43ffa2979a685eec29c960ca6a15c70be9
  FBSDKCoreKit: 2ab7fdbf600dc6b628ba7a49aa29d357a7b4c74e
  FBSDKLoginKit: 634fa27e72e33620eb6389253337342c03d4a407
  FBSDKShareKit: 00290e3db446eed603ff80ac629dcc5e80cf8b74
  NovaCzPlayer: ba7a6492c067db732e70809aa7f3f3ad88f16a27
  SSZipArchive: 1e8e53dcb11bca3ded4738958dc49fc467320a14
  Toaster: 7464b87db5bd9453043bd3cf0fc79219cc9803f1
  TTTAttributedLabel: f8c7f1dbc7b8f7168e23e8b4764dda2e3b74aae8
  TwitterCore: 644d59e75abccb26cf0a9050d2c4dea0e5412241
  TwitterKit: a2e60ddcedbf54091eac6f27685ca7a87681e1d7
  ZappAnalyticsPluginsSDK: f9227b138e4cfcc05f0a8da1813b4815947d3a6a
  ZappGeneralPluginsSDK: 06173493d0ac34ee41a2e909e057cc84e7594981
  ZappLoginPluginsSDK: d3ec3e6bbfe14f2925f232680af104fd59a7c582
  ZappPlugins: 7418a6d90e2091aa58e5ab9b7b20b8055a0836ac
  ZappPushPluginsSDK: 06d4135885d0639cbb670ed191d9da86d6ff976b

PODFILE CHECKSUM: 95a7c94b358cb31485a36351a07f8d421334fa9f

COCOAPODS: 1.5.3
